
Microsoft Visual Studio Solution File, Format Version 12.00
# Visual Studio Version 16
VisualStudioVersion = 16.0.31624.102
MinimumVisualStudioVersion = 10.0.40219.1
Project("{8BC9CEB8-8B4A-11D0-8D11-00A0C91BC942}") = "[Lab 7]_TextGameMode_3", "[Lab 7]_TextGameMode_3.vcxproj", "{49CB80CB-3DDC-4E06-A304-96713CFC6B24}"
EndProject
Global
	GlobalSection(SolutionConfigurationPlatforms) = preSolution
		Debug|x64 = Debug|x64
		Debug|x86 = Debug|x86
		Release|x64 = Release|x64
		Release|x86 = Release|x86
	EndGlobalSection
	GlobalSection(ProjectConfigurationPlatforms) = postSolution
		{49CB80CB-3DDC-4E06-A304-96713CFC6B24}.Debug|x64.ActiveCfg = Debug|x64
		{49CB80CB-3DDC-4E06-A304-96713CFC6B24}.Debug|x64.Build.0 = Debug|x64
		{49CB80CB-3DDC-4E06-A304-96713CFC6B24}.Debug|x86.ActiveCfg = Debug|Win32
		{49CB80CB-3DDC-4E06-A304-96713CFC6B24}.Debug|x86.Build.0 = Debug|Win32
		{49CB80CB-3DDC-4E06-A304-96713CFC6B24}.Release|x64.ActiveCfg = Release|x64
		{49CB80CB-3DDC-4E06-A304-96713CFC6B24}.Release|x64.Build.0 = Release|x64
		{49CB80CB-3DDC-4E06-A304-96713CFC6B24}.Release|x86.ActiveCfg = Release|Win32
		{49CB80CB-3DDC-4E06-A304-96713CFC6B24}.Release|x86.Build.0 = Release|Win32
	EndGlobalSection
	GlobalSection(SolutionProperties) = preSolution
		HideSolutionNode = FALSE
	EndGlobalSection
	GlobalSection(ExtensibilityGlobals) = postSolution
		SolutionGuid = {5D9B546E-4431-499F-8AA5-76149E3EA188}
	EndGlobalSection
EndGlobal
